{
  "lib/forge-std": {
    "tag": {
      "name": "v1.14.0",
      "rev": "1801b0541f4fda118a10798fd3486bb7051c5dd6"
    }
  },
  "lib/openzeppelin-contracts": {
    "tag": {
      "name": "v5.5.0",
      "rev": "fcbae5394ae8ad52d8e580a3477db99814b9d565"
    }
  },
  "lib/solidity-lib": {
    "tag": {
      "name": "v2.1.0",
      "rev": "3fcc8ee6d5c7dea3283416cbcee601d89504a243"
    }
  },
  "lib/swap-router-contracts": {
    "tag": {
      "name": "v1.3.0",
      "rev": "c696aada49b33c8e764e6f0bd0a0a56bd8aa455f"
    }
  },
  "lib/v3-core": {
    "branch": {
      "name": "0.8",
      "rev": "6562c52e8f75f0c10f9deaf44861847585fc8129"
    }
  },
  "lib/v3-periphery": {
    "branch": {
      "name": "0.8",
      "rev": "b325bb0905d922ae61fcc7df85ee802e8df5e96c"
    }
  },
  "lib/v4-core": {
    "tag": {
      "name": "v4.0.0",
      "rev": "e50237c43811bd9b526eff40f26772152a42daba"
    }
  }
}